// !$*UTF8*$!
{
	archiveVersion = 1;
	classes = {
	};
	objectVersion = 46;
	objects = {

/* Begin PBXBuildFile section */
		04D80CC4196D4C9A009D6EE2 /* AppDelegate.swift in Sources */ = {isa = PBXBuildFile; fileRef = 04D80CC3196D4C9A009D6EE2 /* AppDelegate.swift */; };
		04D80CC6196D4C9A009D6EE2 /* ViewController.swift in Sources */ = {isa = PBXBuildFile; fileRef = 04D80CC5196D4C9A009D6EE2 /* ViewController.swift */; };
		04D80CC9196D4C9A009D6EE2 /* Main.storyboard in Resources */ = {isa = PBXBuildFile; fileRef = 04D80CC7196D4C9A009D6EE2 /* Main.storyboard */; };
		04D80CCB196D4C9A009D6EE2 /* Images.xcassets in Resources */ = {isa = PBXBuildFile; fileRef = 04D80CCA196D4C9A009D6EE2 /* Images.xcassets */; };
		04D80CD7196D4C9A009D6EE2 /* DBFMTests.swift in Sources */ = {isa = PBXBuildFile; fileRef = 04D80CD6196D4C9A009D6EE2 /* DBFMTests.swift */; };
/* End PBXBuildFile section */

/* Begin PBXContainerItemProxy section */
		04D80CD1196D4C9A009D6EE2 /* PBXContainerItemProxy */ = {
			isa = PBXContainerItemProxy;
			containerPortal = 04D80CB6196D4C9A009D6EE2 /* Project object */;
			proxyType = 1;
			remoteGlobalIDString = 04D80CBD196D4C9A009D6EE2;
			remoteInfo = DBFM;
		};
/* End PBXContainerItemProxy section */

/* Begin PBXFileReference section */
		04D80CBE196D4C9A009D6EE2 /* DBFM.app */ = {isa = PBXFileReference; explicitFileType = wrapper.application; includeInIndex = 0; path = DBFM.app; sourceTree = BUILT_PRODUCTS_DIR; };
		04D80CC2196D4C9A009D6EE2 /* Info.plist */ = {isa = PBXFileReference; lastKnownFileType = text.plist.xml; path = Info.plist; sourceTree = "<group>"; };
		04D80CC3196D4C9A009D6EE2 /* AppDelegate.swift */ = {isa = PBXFileReference; lastKnownFileType = sourcecode.swift; path = AppDelegate.swift; sourceTree = "<group>"; };
		04D80CC5196D4C9A009D6EE2 /* ViewController.swift */ = {isa = PBXFileReference; lastKnownFileType = sourcecode.swift; path = ViewController.swift; sourceTree = "<group>"; };
		04D80CC8196D4C9A009D6EE2 /* Base */ = {isa = PBXFileReference; lastKnownFileType = file.storyboard; name = Base; path = Base.lproj/Main.storyboard; sourceTree = "<group>"; };
		04D80CCA196D4C9A009D6EE2 /* Images.xcassets */ = {isa = PBXFileReference; lastKnownFileType = folder.assetcatalog; path = Images.xcassets; sourceTree = "<group>"; };
		04D80CD0196D4C9A009D6EE2 /* DBFMTests.xctest */ = {isa = PBXFileReference; explicitFileType = wrapper.cfbundle; includeInIndex = 0; path = DBFMTests.xctest; sourceTree = BUILT_PRODUCTS_DIR; };
		04D80CD5196D4C9A009D6EE2 /* Info.plist */ = {isa = PBXFileReference; lastKnownFileType = text.plist.xml; path = Info.plist; sourceTree = "<group>"; };
		04D80CD6196D4C9A009D6EE2 /* DBFMTests.swift */ = {isa = PBXFileReference; lastKnownFileType = sourcecode.swift; path = DBFMTests.swift; sourceTree = "<group>"; };
/* End PBXFileReference section */

/* Begin PBXFrameworksBuildPhase section */
		04D80CBB196D4C9A009D6EE2 /* Frameworks */ = {
			isa = PBXFrameworksBuildPhase;
			buildActionMask = 2147483647;
			files = (
			);
			runOnlyForDeploymentPostprocessing = 0;
		};
		04D80CCD196D4C9A009D6EE2 /* Frameworks */ = {
			isa = PBXFrameworksBuildPhase;
			buildActionMask = 2147483647;
			files = (
			);
			runOnlyForDeploymentPostprocessing = 0;
		};
/* End PBXFrameworksBuildPhase section */

/* Begin PBXGroup section */
		04D80CB5196D4C9A009D6EE2 = {
			isa = PBXGroup;
			children = (
				04D80CC0196D4C9A009D6EE2 /* DBFM */,
				04D80CD3196D4C9A009D6EE2 /* DBFMTests */,
				04D80CBF196D4C9A009D6EE2 /* Products */,
			);
			sourceTree = "<group>";
		};
		04D80CBF196D4C9A009D6EE2 /* Products */ = {
			isa = PBXGroup;
			children = (
				04D80CBE196D4C9A009D6EE2 /* DBFM.app */,
				04D80CD0196D4C9A009D6EE2 /* DBFMTests.xctest */,
			);
			name = Products;
			sourceTree = "<group>";
		};
		04D80CC0196D4C9A009D6EE2 /* DBFM */ = {
			isa = PBXGroup;
			children = (
				04D80CC3196D4C9A009D6EE2 /* AppDelegate.swift */,
				04D80CC5196D4C9A009D6EE2 /* ViewController.swift */,
				04D80CC7196D4C9A009D6EE2 /* Main.storyboard */,
				04D80CCA196D4C9A009D6EE2 /* Images.xcassets */,
				04D80CC1196D4C9A009D6EE2 /* Supporting Files */,
			);
			path = DBFM;
			sourceTree = "<group>";
		};
		04D80CC1196D4C9A009D6EE2 /* Supporting Files */ = {
			isa = PBXGroup;
			children = (
				04D80CC2196D4C9A009D6EE2 /* Info.plist */,
			);
			name = "Supporting Files";
			sourceTree = "<group>";
		};
		04D80CD3196D4C9A009D6EE2 /* DBFMTests */ = {
			isa = PBXGroup;
			children = (
				04D80CD6196D4C9A009D6EE2 /* DBFMTests.swift */,
				04D80CD4196D4C9A009D6EE2 /* Supporting Files */,
			);
			path = DBFMTests;
			sourceTree = "<group>";
		};
		04D80CD4196D4C9A009D6EE2 /* Supporting Files */ = {
			isa = PBXGroup;
			children = (
				04D80CD5196D4C9A009D6EE2 /* Info.plist */,
			);
			name = "Supporting Files";
			sourceTree = "<group>";
		};
/* End PBXGroup section */

/* Begin PBXNativeTarget section */
		04D80CBD196D4C9A009D6EE2 /* DBFM */ = {
			isa = PBXNativeTarget;
			buildConfigurationList = 04D80CDA196D4C9A009D6EE2 /* Build configuration list for PBXNativeTarget "DBFM" */;
			buildPhases = (
				04D80CBA196D4C9A009D6EE2 /* Sources */,
				04D80CBB196D4C9A009D6EE2 /* Frameworks */,
				04D80CBC196D4C9A009D6EE2 /* Resources */,
			);
			buildRules = (
			);
			dependencies = (
			);
			name = DBFM;
			productName = DBFM;
			productReference = 04D80CBE196D4C9A009D6EE2 /* DBFM.app */;
			productType = "com.apple.product-type.application";
		};
		04D80CCF196D4C9A009D6EE2 /* DBFMTests */ = {
			isa = PBXNativeTarget;
			buildConfigurationList = 04D80CDD196D4C9A009D6EE2 /* Build configuration list for PBXNativeTarget "DBFMTests" */;
			buildPhases = (
				04D80CCC196D4C9A009D6EE2 /* Sources */,
				04D80CCD196D4C9A009D6EE2 /* Frameworks */,
				04D80CCE196D4C9A009D6EE2 /* Resources */,
			);
			buildRules = (
			);
			dependencies = (
				04D80CD2196D4C9A009D6EE2 /* PBXTargetDependency */,
			);
			name = DBFMTests;
			productName = DBFMTests;
			productReference = 04D80CD0196D4C9A009D6EE2 /* DBFMTests.xctest */;
			productType = "com.apple.product-type.bundle.unit-test";
		};
/* End PBXNativeTarget section */

/* Begin PBXProject section */
		04D80CB6196D4C9A009D6EE2 /* Project object */ = {
			isa = PBXProject;
			attributes = {
				LastUpgradeCheck = 0600;
				ORGANIZATIONNAME = JackWee;
				TargetAttributes = {
					04D80CBD196D4C9A009D6EE2 = {
						CreatedOnToolsVersion = 6.0;
					};
					04D80CCF196D4C9A009D6EE2 = {
						CreatedOnToolsVersion = 6.0;
						TestTargetID = 04D80CBD196D4C9A009D6EE2;
					};
				};
			};
			buildConfigurationList = 04D80CB9196D4C9A009D6EE2 /* Build configuration list for PBXProject "DBFM" */;
			compatibilityVersion = "Xcode 3.2";
			developmentRegion = English;
			hasScannedForEncodings = 0;
			knownRegions = (
				en,
				Base,
			);
			mainGroup = 04D80CB5196D4C9A009D6EE2;
			productRefGroup = 04D80CBF196D4C9A009D6EE2 /* Products */;
			projectDirPath = "";
			projectRoot = "";
			targets = (
				04D80CBD196D4C9A009D6EE2 /* DBFM */,
				04D80CCF196D4C9A009D6EE2 /* DBFMTests */,
			);
		};
/* End PBXProject section */

/* Begin PBXResourcesBuildPhase section */
		04D80CBC196D4C9A009D6EE2 /* Resources */ = {
			isa = PBXResourcesBuildPhase;
			buildActionMask = 2147483647;
			files = (
				04D80CC9196D4C9A009D6EE2 /* Main.storyboard in Resources */,
				04D80CCB196D4C9A009D6EE2 /* Images.xcassets in Resources */,
			);
			runOnlyForDeploymentPostprocessing = 0;
		};
		04D80CCE196D4C9A009D6EE2 /* Resources */ = {
			isa = PBXResourcesBuildPhase;
			buildActionMask = 2147483647;
			files = (
			);
			runOnlyForDeploymentPostprocessing = 0;
		};
/* End PBXResourcesBuildPhase section */

/* Begin PBXSourcesBuildPhase section */
		04D80CBA196D4C9A009D6EE2 /* Sources */ = {
			isa = PBXSourcesBuildPhase;
			buildActionMask = 2147483647;
			files = (
				04D80CC6196D4C9A009D6EE2 /* ViewController.swift in Sources */,
				04D80CC4196D4C9A009D6EE2 /* AppDelegate.swift in Sources */,
			);
			runOnlyForDeploymentPostprocessing = 0;
		};
		04D80CCC196D4C9A009D6EE2 /* Sources */ = {
			isa = PBXSourcesBuildPhase;
			buildActionMask = 2147483647;
			files = (
				04D80CD7196D4C9A009D6EE2 /* DBFMTests.swift in Sources */,
			);
			runOnlyForDeploymentPostprocessing = 0;
		};
/* End PBXSourcesBuildPhase section */

/* Begin PBXTargetDependency section */
		04D80CD2196D4C9A009D6EE2 /* PBXTargetDependency */ = {
			isa = PBXTargetDependency;
			target = 04D80CBD196D4C9A009D6EE2 /* DBFM */;
			targetProxy = 04D80CD1196D4C9A009D6EE2 /* PBXContainerItemProxy */;
		};
/* End PBXTargetDependency section */

/* Begin PBXVariantGroup section */
		04D80CC7196D4C9A009D6EE2 /* Main.storyboard */ = {
			isa = PBXVariantGroup;
			children = (
				04D80CC8196D4C9A009D6EE2 /* Base */,
			);
			name = Main.storyboard;
			sourceTree = "<group>";
		};
/* End PBXVariantGroup section */

/* Begin XCBuildConfiguration section */
		04D80CD8196D4C9A009D6EE2 /* Debug */ = {
			isa = XCBuildConfiguration;
			buildSettings = {
				ALWAYS_SEARCH_USER_PATHS = NO;
				CLANG_CXX_LANGUAGE_STANDARD = "gnu++0x";
				CLANG_CXX_LIBRARY = "libc++";
				CLANG_ENABLE_MODULES = YES;
				CLANG_ENABLE_OBJC_ARC = YES;
				CLANG_WARN_BOOL_CONVERSION = YES;
				CLANG_WARN_CONSTANT_CONVERSION = YES;
				CLANG_WARN_DIRECT_OBJC_ISA_USAGE = YES_ERROR;
				CLANG_WARN_EMPTY_BODY = YES;
				CLANG_WARN_ENUM_CONVERSION = YES;
				CLANG_WARN_INT_CONVERSION = YES;
				CLANG_WARN_OBJC_ROOT_CLASS = YES_ERROR;
				CLANG_WARN_UNREACHABLE_CODE = YES;
				CLANG_WARN__DUPLICATE_METHOD_MATCH = YES;
				"CODE_SIGN_IDENTITY[sdk=iphoneos*]" = "iPhone Developer";
				COPY_PHASE_STRIP = NO;
				ENABLE_STRICT_OBJC_MSGSEND = YES;
				GCC_C_LANGUAGE_STANDARD = gnu99;
				GCC_DYNAMIC_NO_PIC = NO;
				GCC_OPTIMIZATION_LEVEL = 0;
				GCC_PREPROCESSOR_DEFINITIONS = (
					"DEBUG=1",
					"$(inherited)",
				);
				GCC_SYMBOLS_PRIVATE_EXTERN = NO;
				GCC_WARN_64_TO_32_BIT_CONVERSION = YES;
				GCC_WARN_ABOUT_RETURN_TYPE = YES_ERROR;
				GCC_WARN_UNDECLARED_SELECTOR = YES;
				GCC_WARN_UNINITIALIZED_AUTOS = YES_AGGRESSIVE;
				GCC_WARN_UNUSED_FUNCTION = YES;
				GCC_WARN_UNUSED_VARIABLE = YES;
				IPHONEOS_DEPLOYMENT_TARGET = 8.0;
				MTL_ENABLE_DEBUG_INFO = YES;
				ONLY_ACTIVE_ARCH = YES;
				SDKROOT = iphoneos;
				SWIFT_OPTIMIZATION_LEVEL = "-Onone";
			};
			name = Debug;
		};
		04D80CD9196D4C9A009D6EE2 /* Release */ = {
			isa = XCBuildConfiguration;
			buildSettings = {
				ALWAYS_SEARCH_USER_PATHS = NO;
				CLANG_CXX_LANGUAGE_STANDARD = "gnu++0x";
				CLANG_CXX_LIBRARY = "libc++";
				CLANG_ENABLE_MODULES = YES;
				CLANG_ENABLE_OBJC_ARC = YES;
				CLANG_WARN_BOOL_CONVERSION = YES;
				CLANG_WARN_CONSTANT_CONVERSION = YES;
				CLANG_WARN_DIRECT_OBJC_ISA_USAGE = YES_ERROR;
				CLANG_WARN_EMPTY_BODY = YES;
				CLANG_WARN_ENUM_CONVERSION = YES;
				CLANG_WARN_INT_CONVERSION = YES;
				CLANG_WARN_OBJC_ROOT_CLASS = YES_ERROR;
				CLANG_WARN_UNREACHABLE_CODE = YES;
				CLANG_WARN__DUPLICATE_METHOD_MATCH = YES;
				"CODE_SIGN_IDENTITY[sdk=iphoneos*]" = "iPhone Developer";
				COPY_PHASE_STRIP = YES;
				ENABLE_NS_ASSERTIONS = NO;
				ENABLE_STRICT_OBJC_MSGSEND = YES;
				GCC_C_LANGUAGE_STANDARD = gnu99;
				GCC_WARN_64_TO_32_BIT_CONVERSION = YES;
				GCC_WARN_ABOUT_RETURN_TYPE = YES_ERROR;
				GCC_WARN_UNDECLARED_SELECTOR = YES;
				GCC_WARN_UNINITIALIZED_AUTOS = YES_AGGRESSIVE;
				GCC_WARN_UNUSED_FUNCTION = YES;
				GCC_WARN_UNUSED_VARIABLE = YES;
				IPHONEOS_DEPLOYMENT_TARGET = 8.0;
				MTL_ENABLE_DEBUG_INFO = NO;
				SDKROOT = iphoneos;
				VALIDATE_PRODUCT = YES;
			};
			name = Release;
		};
		04D80CDB196D4C9A009D6EE2 /* Debug */ = {
			isa = XCBuildConfiguration;
			buildSettings = {
				ASSETCATALOG_COMPILER_APPICON_NAME = AppIcon;
				ASSETCATALOG_COMPILER_LAUNCHIMAGE_NAME = LaunchImage;
				INFOPLIST_FILE = DBFM/Info.plist;
				LD_RUNPATH_SEARCH_PATHS = "$(inherited) @executable_path/Frameworks";
				PRODUCT_NAME = "$(TARGET_NAME)";
			};
			name = Debug;
		};
		04D80CDC196D4C9A009D6EE2 /* Release */ = {
			isa = XCBuildConfiguration;
			buildSettings = {
				ASSETCATALOG_COMPILER_APPICON_NAME = AppIcon;
				ASSETCATALOG_COMPILER_LAUNCHIMAGE_NAME = LaunchImage;
				INFOPLIST_FILE = DBFM/Info.plist;
				LD_RUNPATH_SEARCH_PATHS = "$(inherited) @executable_path/Frameworks";
				PRODUCT_NAME = "$(TARGET_NAME)";
			};
			name = Release;
		};
		04D80CDE196D4C9A009D6EE2 /* Debug */ = {
			isa = XCBuildConfiguration;
			buildSettings = {
				BUNDLE_LOADER = "$(BUILT_PRODUCTS_DIR)/DBFM.app/DBFM";
				FRAMEWORK_SEARCH_PATHS = (
					"$(SDKROOT)/Developer/Library/Frameworks",
					"$(inherited)",
				);
				GCC_PREPROCESSOR_DEFINITIONS = (
					"DEBUG=1",
					"$(inherited)",
				);
				INFOPLIST_FILE = DBFMTests/Info.plist;
				LD_RUNPATH_SEARCH_PATHS = "$(inherited) @executable_path/Frameworks @loader_path/Frameworks";
				PRODUCT_NAME = "$(TARGET_NAME)";
				TEST_HOST = "$(BUNDLE_LOADER)";
			};
			name = Debug;
		};
		04D80CDF196D4C9A009D6EE2 /* Release */ = {
			isa = XCBuildConfiguration;
			buildSettings = {
				BUNDLE_LOADER = "$(BUILT_PRODUCTS_DIR)/DBFM.app/DBFM";
				FRAMEWORK_SEARCH_PATHS = (
					"$(SDKROOT)/Developer/Library/Frameworks",
					"$(inherited)",
				);
				INFOPLIST_FILE = DBFMTests/Info.plist;
				LD_RUNPATH_SEARCH_PATHS = "$(inherited) @executable_path/Frameworks @loader_path/Frameworks";
				PRODUCT_NAME = "$(TARGET_NAME)";
				TEST_HOST = "$(BUNDLE_LOADER)";
			};
			name = Release;
		};
/* End XCBuildConfiguration section */

/* Begin XCConfigurationList section */
		04D80CB9196D4C9A009D6EE2 /* Build configuration list for PBXProject "DBFM" */ = {
			isa = XCConfigurationList;
			buildConfigurations = (
				04D80CD8196D4C9A009D6EE2 /* Debug */,
				04D80CD9196D4C9A009D6EE2 /* Release */,
			);
			defaultConfigurationIsVisible = 0;
			defaultConfigurationName = Release;
		};
		04D80CDA196D4C9A009D6EE2 /* Build configuration list for PBXNativeTarget "DBFM" */ = {
			isa = XCConfigurationList;
			buildConfigurations = (
				04D80CDB196D4C9A009D6EE2 /* Debug */,
				04D80CDC196D4C9A009D6EE2 /* Release */,
			);
			defaultConfigurationIsVisible = 0;
		};
		04D80CDD196D4C9A009D6EE2 /* Build configuration list for PBXNativeTarget "DBFMTests" */ = {
			isa = XCConfigurationList;
			buildConfigurations = (
				04D80CDE196D4C9A009D6EE2 /* Debug */,
				04D80CDF196D4C9A009D6EE2 /* Release */,
			);
			defaultConfigurationIsVisible = 0;
		};
/* End XCConfigurationList section */
	};
	rootObject = 04D80CB6196D4C9A009D6EE2 /* Project object */;
}
